
Microsoft Visual Studio Solution File, Format Version 12.00
# Visual Studio Version 16
VisualStudioVersion = 16.0.31727.386
MinimumVisualStudioVersion = 10.0.40219.1
Project("{2150E333-8FDC-42A3-9474-1A3956D46DE8}") = "src", "src", "{F1637087-F218-442B-B421-22E2942DA10E}"
EndProject
Project("{2150E333-8FDC-42A3-9474-1A3956D46DE8}") = "test", "test", "{B98BEAED-68B3-4088-8826-52C6DA43643B}"
EndProject
Project("{2150E333-8FDC-42A3-9474-1A3956D46DE8}") = "API", "API", "{FFBEA48E-5545-4B1C-A850-2CCECD3562C6}"
EndProject
Project("{2150E333-8FDC-42A3-9474-1A3956D46DE8}") = "Core", "Core", "{D935B46E-AB74-4CDE-BDE5-F3757DB2565A}"
EndProject
Project("{2150E333-8FDC-42A3-9474-1A3956D46DE8}") = "Infrastructure", "Infrastructure", "{5ED44F3E-E81A-4517-B370-B425725FDE9B}"
EndProject
Project("{2150E333-8FDC-42A3-9474-1A3956D46DE8}") = "UI", "UI", "{261098F6-940F-470C-8A25-4FFFEF0686EC}"
EndProject
Project("{9A19103F-16F7-4668-BE54-9A1E7A4F7556}") = "DoughTracker.Domain", "DoughTracker.Domain\DoughTracker.Domain.csproj", "{522800F5-8210-4566-B8AC-1D70C3CDC79F}"
EndProject
Project("{FAE04EC0-301F-11D3-BF4B-00C04F79EFBC}") = "DoughTracker.Application", "DoughTracker.Application\DoughTracker.Application.csproj", "{A3E11E94-C2DB-4D50-9E3D-337D4E0CBB83}"
EndProject
Project("{FAE04EC0-301F-11D3-BF4B-00C04F79EFBC}") = "DoughTracker.Persistence", "DoughTracker.Persistence\DoughTracker.Persistence.csproj", "{CA42CCA7-1D2D-4A8A-BFE5-34C03A1E1D25}"
EndProject
Global
	GlobalSection(SolutionConfigurationPlatforms) = preSolution
		Debug|Any CPU = Debug|Any CPU
		Release|Any CPU = Release|Any CPU
	EndGlobalSection
	GlobalSection(ProjectConfigurationPlatforms) = postSolution
		{522800F5-8210-4566-B8AC-1D70C3CDC79F}.Debug|Any CPU.ActiveCfg = Debug|Any CPU
		{522800F5-8210-4566-B8AC-1D70C3CDC79F}.Debug|Any CPU.Build.0 = Debug|Any CPU
		{522800F5-8210-4566-B8AC-1D70C3CDC79F}.Release|Any CPU.ActiveCfg = Release|Any CPU
		{522800F5-8210-4566-B8AC-1D70C3CDC79F}.Release|Any CPU.Build.0 = Release|Any CPU
		{A3E11E94-C2DB-4D50-9E3D-337D4E0CBB83}.Debug|Any CPU.ActiveCfg = Debug|Any CPU
		{A3E11E94-C2DB-4D50-9E3D-337D4E0CBB83}.Debug|Any CPU.Build.0 = Debug|Any CPU
		{A3E11E94-C2DB-4D50-9E3D-337D4E0CBB83}.Release|Any CPU.ActiveCfg = Release|Any CPU
		{A3E11E94-C2DB-4D50-9E3D-337D4E0CBB83}.Release|Any CPU.Build.0 = Release|Any CPU
		{CA42CCA7-1D2D-4A8A-BFE5-34C03A1E1D25}.Debug|Any CPU.ActiveCfg = Debug|Any CPU
		{CA42CCA7-1D2D-4A8A-BFE5-34C03A1E1D25}.Debug|Any CPU.Build.0 = Debug|Any CPU
		{CA42CCA7-1D2D-4A8A-BFE5-34C03A1E1D25}.Release|Any CPU.ActiveCfg = Release|Any CPU
		{CA42CCA7-1D2D-4A8A-BFE5-34C03A1E1D25}.Release|Any CPU.Build.0 = Release|Any CPU
	EndGlobalSection
	GlobalSection(SolutionProperties) = preSolution
		HideSolutionNode = FALSE
	EndGlobalSection
	GlobalSection(NestedProjects) = preSolution
		{FFBEA48E-5545-4B1C-A850-2CCECD3562C6} = {F1637087-F218-442B-B421-22E2942DA10E}
		{D935B46E-AB74-4CDE-BDE5-F3757DB2565A} = {F1637087-F218-442B-B421-22E2942DA10E}
		{5ED44F3E-E81A-4517-B370-B425725FDE9B} = {F1637087-F218-442B-B421-22E2942DA10E}
		{261098F6-940F-470C-8A25-4FFFEF0686EC} = {F1637087-F218-442B-B421-22E2942DA10E}
		{522800F5-8210-4566-B8AC-1D70C3CDC79F} = {D935B46E-AB74-4CDE-BDE5-F3757DB2565A}
		{A3E11E94-C2DB-4D50-9E3D-337D4E0CBB83} = {D935B46E-AB74-4CDE-BDE5-F3757DB2565A}
		{CA42CCA7-1D2D-4A8A-BFE5-34C03A1E1D25} = {5ED44F3E-E81A-4517-B370-B425725FDE9B}
	EndGlobalSection
	GlobalSection(ExtensibilityGlobals) = postSolution
		SolutionGuid = {D72091CC-19E9-4582-8FEE-A7C4427F3986}
	EndGlobalSection
EndGlobal
