Microsoft Visual Studio Solution File, Format Version 12.00
# Visual Studio Version 17
VisualStudioVersion = 17.0.0
MinimumVisualStudioVersion = 10.0.40219.1
Project("{FAE04EC0-301F-11D3-BF4B-00C04F79EFBC}") = "DoughTracker", "DoughTracker.UI/DoughTracker.csproj", "{11063274-537e-45dd-916f-f304f91fb375}"
EndProject
Global
    GlobalSection(SolutionConfigurationPlatforms) = preSolution
        Debug|Any CPU = Debug|Any CPU
        Release|Any CPU = Release|Any CPU
    EndGlobalSection
    GlobalSection(ProjectConfigurationPlatforms) = postSolution
        {11063274-537e-45dd-916f-f304f91fb375}.Debug|Any CPU.ActiveCfg = Debug|Any CPU
        {11063274-537e-45dd-916f-f304f91fb375}.Debug|Any CPU.Build.0 = Debug|Any CPU
        {11063274-537e-45dd-916f-f304f91fb375}.Release|Any CPU.ActiveCfg = Release|Any CPU
        {11063274-537e-45dd-916f-f304f91fb375}.Release|Any CPU.Build.0 = Release|Any CPU
    EndGlobalSection
    GlobalSection(SolutionProperties) = preSolution
        HideSolutionNode = FALSE
    EndGlobalSection
EndGlobal
